
Microsoft Visual Studio Solution File, Format Version 12.00
# Visual Studio 15
VisualStudioVersion = 15.0.27703.2042
MinimumVisualStudioVersion = 10.0.40219.1
Project("{FAE04EC0-301F-11D3-BF4B-00C04F79EFBC}") = "CodeStream.logDNA", "CodeStream.logDNA\CodeStream.logDNA.csproj", "{C2352C6E-D5D0-49BE-8B47-29545B6D6893}"
EndProject
Global
	GlobalSection(SolutionConfigurationPlatforms) = preSolution
		Debug|Any CPU = Debug|Any CPU
		Release|Any CPU = Release|Any CPU
	EndGlobalSection
	GlobalSection(ProjectConfigurationPlatforms) = postSolution
		{C2352C6E-D5D0-49BE-8B47-29545B6D6893}.Debug|Any CPU.ActiveCfg = Debug|Any CPU
		{C2352C6E-D5D0-49BE-8B47-29545B6D6893}.Debug|Any CPU.Build.0 = Debug|Any CPU
		{C2352C6E-D5D0-49BE-8B47-29545B6D6893}.Release|Any CPU.ActiveCfg = Release|Any CPU
		{C2352C6E-D5D0-49BE-8B47-29545B6D6893}.Release|Any CPU.Build.0 = Release|Any CPU
	EndGlobalSection
	GlobalSection(SolutionProperties) = preSolution
		HideSolutionNode = FALSE
	EndGlobalSection
	GlobalSection(ExtensibilityGlobals) = postSolution
		SolutionGuid = {39FCBA73-6000-42B1-946D-D8D89589BD0B}
	EndGlobalSection
EndGlobal
